// !$*UTF8*$!
{
	archiveVersion = 1;
	classes = {
	};
	objectVersion = 56;
	objects = {

/* Begin PBXBuildFile section */
		F875582C2C432702005AE2E4 /* AuthView.swift in Sources */ = {isa = PBXBuildFile; fileRef = F875582B2C432702005AE2E4 /* AuthView.swift */; };
		F875582E2C434A24005AE2E4 /* MembersView.swift in Sources */ = {isa = PBXBuildFile; fileRef = F875582D2C434A24005AE2E4 /* MembersView.swift */; };
		F87C3EE02C20478C00196CAA /* memory_laneApp.swift in Sources */ = {isa = PBXBuildFile; fileRef = F87C3EDF2C20478C00196CAA /* memory_laneApp.swift */; };
		F87C3EE22C20478C00196CAA /* ContentView.swift in Sources */ = {isa = PBXBuildFile; fileRef = F87C3EE12C20478C00196CAA /* ContentView.swift */; };
		F87C3EE42C20478D00196CAA /* Assets.xcassets in Resources */ = {isa = PBXBuildFile; fileRef = F87C3EE32C20478D00196CAA /* Assets.xcassets */; };
		F87C3EE72C20478D00196CAA /* Preview Assets.xcassets in Resources */ = {isa = PBXBuildFile; fileRef = F87C3EE62C20478D00196CAA /* Preview Assets.xcassets */; };
		F87C3EF62C2047EF00196CAA /* Auth in Frameworks */ = {isa = PBXBuildFile; productRef = F87C3EF52C2047EF00196CAA /* Auth */; };
		F87C3EF82C2047EF00196CAA /* Functions in Frameworks */ = {isa = PBXBuildFile; productRef = F87C3EF72C2047EF00196CAA /* Functions */; };
		F87C3EFA2C2047EF00196CAA /* PostgREST in Frameworks */ = {isa = PBXBuildFile; productRef = F87C3EF92C2047EF00196CAA /* PostgREST */; };
		F87C3EFC2C2047EF00196CAA /* Realtime in Frameworks */ = {isa = PBXBuildFile; productRef = F87C3EFB2C2047EF00196CAA /* Realtime */; };
		F87C3EFE2C2047EF00196CAA /* Storage in Frameworks */ = {isa = PBXBuildFile; productRef = F87C3EFD2C2047EF00196CAA /* Storage */; };
		F87C3F002C2047EF00196CAA /* Supabase in Frameworks */ = {isa = PBXBuildFile; productRef = F87C3EFF2C2047EF00196CAA /* Supabase */; };
		F87C3F052C20483B00196CAA /* Connection.swift in Sources */ = {isa = PBXBuildFile; fileRef = F87C3F022C20483B00196CAA /* Connection.swift */; };
		F87C3F062C20483B00196CAA /* Models.swift in Sources */ = {isa = PBXBuildFile; fileRef = F87C3F032C20483B00196CAA /* Models.swift */; };
		F87C3F072C20483B00196CAA /* Secrets.swift in Sources */ = {isa = PBXBuildFile; fileRef = F87C3F042C20483B00196CAA /* Secrets.swift */; };
		F89ACCC32C430CFD00B7CA95 /* FamilyView.swift in Sources */ = {isa = PBXBuildFile; fileRef = F89ACCC22C430CFD00B7CA95 /* FamilyView.swift */; };
		F89ACCC72C430DBE00B7CA95 /* FamilyViewModel.swift in Sources */ = {isa = PBXBuildFile; fileRef = F89ACCC62C430DBE00B7CA95 /* FamilyViewModel.swift */; };
/* End PBXBuildFile section */

/* Begin PBXFileReference section */
		F875582B2C432702005AE2E4 /* AuthView.swift */ = {isa = PBXFileReference; lastKnownFileType = sourcecode.swift; path = AuthView.swift; sourceTree = "<group>"; };
		F875582D2C434A24005AE2E4 /* MembersView.swift */ = {isa = PBXFileReference; lastKnownFileType = sourcecode.swift; path = MembersView.swift; sourceTree = "<group>"; };
		F87C3EDC2C20478C00196CAA /* memory-lane.app */ = {isa = PBXFileReference; explicitFileType = wrapper.application; includeInIndex = 0; path = "memory-lane.app"; sourceTree = BUILT_PRODUCTS_DIR; };
		F87C3EDF2C20478C00196CAA /* memory_laneApp.swift */ = {isa = PBXFileReference; lastKnownFileType = sourcecode.swift; path = memory_laneApp.swift; sourceTree = "<group>"; };
		F87C3EE12C20478C00196CAA /* ContentView.swift */ = {isa = PBXFileReference; lastKnownFileType = sourcecode.swift; path = ContentView.swift; sourceTree = "<group>"; };
		F87C3EE32C20478D00196CAA /* Assets.xcassets */ = {isa = PBXFileReference; lastKnownFileType = folder.assetcatalog; path = Assets.xcassets; sourceTree = "<group>"; };
		F87C3EE62C20478D00196CAA /* Preview Assets.xcassets */ = {isa = PBXFileReference; lastKnownFileType = folder.assetcatalog; path = "Preview Assets.xcassets"; sourceTree = "<group>"; };
		F87C3F022C20483B00196CAA /* Connection.swift */ = {isa = PBXFileReference; fileEncoding = 4; lastKnownFileType = sourcecode.swift; path = Connection.swift; sourceTree = "<group>"; };
		F87C3F032C20483B00196CAA /* Models.swift */ = {isa = PBXFileReference; fileEncoding = 4; lastKnownFileType = sourcecode.swift; path = Models.swift; sourceTree = "<group>"; };
		F87C3F042C20483B00196CAA /* Secrets.swift */ = {isa = PBXFileReference; fileEncoding = 4; lastKnownFileType = sourcecode.swift; path = Secrets.swift; sourceTree = "<group>"; };
		F89ACCC22C430CFD00B7CA95 /* FamilyView.swift */ = {isa = PBXFileReference; lastKnownFileType = sourcecode.swift; path = FamilyView.swift; sourceTree = "<group>"; };
		F89ACCC62C430DBE00B7CA95 /* FamilyViewModel.swift */ = {isa = PBXFileReference; lastKnownFileType = sourcecode.swift; path = FamilyViewModel.swift; sourceTree = "<group>"; };
/* End PBXFileReference section */

/* Begin PBXFrameworksBuildPhase section */
		F87C3ED92C20478C00196CAA /* Frameworks */ = {
			isa = PBXFrameworksBuildPhase;
			buildActionMask = 2147483647;
			files = (
				F87C3EFA2C2047EF00196CAA /* PostgREST in Frameworks */,
				F87C3EF82C2047EF00196CAA /* Functions in Frameworks */,
				F87C3F002C2047EF00196CAA /* Supabase in Frameworks */,
				F87C3EF62C2047EF00196CAA /* Auth in Frameworks */,
				F87C3EFE2C2047EF00196CAA /* Storage in Frameworks */,
				F87C3EFC2C2047EF00196CAA /* Realtime in Frameworks */,
			);
			runOnlyForDeploymentPostprocessing = 0;
		};
/* End PBXFrameworksBuildPhase section */

/* Begin PBXGroup section */
		F87C3ED32C20478C00196CAA = {
			isa = PBXGroup;
			children = (
				F87C3EDE2C20478C00196CAA /* memory-lane */,
				F87C3EDD2C20478C00196CAA /* Products */,
			);
			sourceTree = "<group>";
		};
		F87C3EDD2C20478C00196CAA /* Products */ = {
			isa = PBXGroup;
			children = (
				F87C3EDC2C20478C00196CAA /* memory-lane.app */,
			);
			name = Products;
			sourceTree = "<group>";
		};
		F87C3EDE2C20478C00196CAA /* memory-lane */ = {
			isa = PBXGroup;
			children = (
				F89ACCC52C430DAE00B7CA95 /* ViewModels */,
				F89ACCC42C430D0200B7CA95 /* Views */,
				F87C3F012C20480100196CAA /* Services */,
				F87C3EED2C20479800196CAA /* DB */,
				F87C3EDF2C20478C00196CAA /* memory_laneApp.swift */,
				F87C3EE12C20478C00196CAA /* ContentView.swift */,
				F87C3EE32C20478D00196CAA /* Assets.xcassets */,
				F87C3EE52C20478D00196CAA /* Preview Content */,
			);
			path = "memory-lane";
			sourceTree = "<group>";
		};
		F87C3EE52C20478D00196CAA /* Preview Content */ = {
			isa = PBXGroup;
			children = (
				F87C3EE62C20478D00196CAA /* Preview Assets.xcassets */,
			);
			path = "Preview Content";
			sourceTree = "<group>";
		};
		F87C3EED2C20479800196CAA /* DB */ = {
			isa = PBXGroup;
			children = (
				F87C3F022C20483B00196CAA /* Connection.swift */,
				F87C3F032C20483B00196CAA /* Models.swift */,
				F87C3F042C20483B00196CAA /* Secrets.swift */,
			);
			path = DB;
			sourceTree = "<group>";
		};
		F87C3F012C20480100196CAA /* Services */ = {
			isa = PBXGroup;
			children = (
			);
			path = Services;
			sourceTree = "<group>";
		};
		F89ACCC42C430D0200B7CA95 /* Views */ = {
			isa = PBXGroup;
			children = (
				F89ACCC22C430CFD00B7CA95 /* FamilyView.swift */,
				F875582B2C432702005AE2E4 /* AuthView.swift */,
				F875582D2C434A24005AE2E4 /* MembersView.swift */,
			);
			path = Views;
			sourceTree = "<group>";
		};
		F89ACCC52C430DAE00B7CA95 /* ViewModels */ = {
			isa = PBXGroup;
			children = (
				F89ACCC62C430DBE00B7CA95 /* FamilyViewModel.swift */,
			);
			path = ViewModels;
			sourceTree = "<group>";
		};
/* End PBXGroup section */

/* Begin PBXNativeTarget section */
		F87C3EDB2C20478C00196CAA /* memory-lane */ = {
			isa = PBXNativeTarget;
			buildConfigurationList = F87C3EEA2C20478D00196CAA /* Build configuration list for PBXNativeTarget "memory-lane" */;
			buildPhases = (
				F87C3ED82C20478C00196CAA /* Sources */,
				F87C3ED92C20478C00196CAA /* Frameworks */,
				F87C3EDA2C20478C00196CAA /* Resources */,
			);
			buildRules = (
			);
			dependencies = (
			);
			name = "memory-lane";
			packageProductDependencies = (
				F87C3EF52C2047EF00196CAA /* Auth */,
				F87C3EF72C2047EF00196CAA /* Functions */,
				F87C3EF92C2047EF00196CAA /* PostgREST */,
				F87C3EFB2C2047EF00196CAA /* Realtime */,
				F87C3EFD2C2047EF00196CAA /* Storage */,
				F87C3EFF2C2047EF00196CAA /* Supabase */,
			);
			productName = "memory-lane";
			productReference = F87C3EDC2C20478C00196CAA /* memory-lane.app */;
			productType = "com.apple.product-type.application";
		};
/* End PBXNativeTarget section */

/* Begin PBXProject section */
		F87C3ED42C20478C00196CAA /* Project object */ = {
			isa = PBXProject;
			attributes = {
				BuildIndependentTargetsInParallel = 1;
				LastSwiftUpdateCheck = 1530;
				LastUpgradeCheck = 1530;
				TargetAttributes = {
					F87C3EDB2C20478C00196CAA = {
						CreatedOnToolsVersion = 15.3;
					};
				};
			};
			buildConfigurationList = F87C3ED72C20478C00196CAA /* Build configuration list for PBXProject "memory-lane" */;
			compatibilityVersion = "Xcode 14.0";
			developmentRegion = en;
			hasScannedForEncodings = 0;
			knownRegions = (
				en,
				Base,
			);
			mainGroup = F87C3ED32C20478C00196CAA;
			packageReferences = (
				F87C3EF42C2047EF00196CAA /* XCRemoteSwiftPackageReference "supabase-swift" */,
			);
			productRefGroup = F87C3EDD2C20478C00196CAA /* Products */;
			projectDirPath = "";
			projectRoot = "";
			targets = (
				F87C3EDB2C20478C00196CAA /* memory-lane */,
			);
		};
/* End PBXProject section */

/* Begin PBXResourcesBuildPhase section */
		F87C3EDA2C20478C00196CAA /* Resources */ = {
			isa = PBXResourcesBuildPhase;
			buildActionMask = 2147483647;
			files = (
				F87C3EE72C20478D00196CAA /* Preview Assets.xcassets in Resources */,
				F87C3EE42C20478D00196CAA /* Assets.xcassets in Resources */,
			);
			runOnlyForDeploymentPostprocessing = 0;
		};
/* End PBXResourcesBuildPhase section */

/* Begin PBXSourcesBuildPhase section */
		F87C3ED82C20478C00196CAA /* Sources */ = {
			isa = PBXSourcesBuildPhase;
			buildActionMask = 2147483647;
			files = (
				F89ACCC32C430CFD00B7CA95 /* FamilyView.swift in Sources */,
				F87C3F072C20483B00196CAA /* Secrets.swift in Sources */,
				F87C3F052C20483B00196CAA /* Connection.swift in Sources */,
				F87C3EE22C20478C00196CAA /* ContentView.swift in Sources */,
				F87C3EE02C20478C00196CAA /* memory_laneApp.swift in Sources */,
				F875582E2C434A24005AE2E4 /* MembersView.swift in Sources */,
				F89ACCC72C430DBE00B7CA95 /* FamilyViewModel.swift in Sources */,
				F875582C2C432702005AE2E4 /* AuthView.swift in Sources */,
				F87C3F062C20483B00196CAA /* Models.swift in Sources */,
			);
			runOnlyForDeploymentPostprocessing = 0;
		};
/* End PBXSourcesBuildPhase section */

/* Begin XCBuildConfiguration section */
		F87C3EE82C20478D00196CAA /* Debug */ = {
			isa = XCBuildConfiguration;
			buildSettings = {
				ALWAYS_SEARCH_USER_PATHS = NO;
				ASSETCATALOG_COMPILER_GENERATE_SWIFT_ASSET_SYMBOL_EXTENSIONS = YES;
				CLANG_ANALYZER_NONNULL = YES;
				CLANG_ANALYZER_NUMBER_OBJECT_CONVERSION = YES_AGGRESSIVE;
				CLANG_CXX_LANGUAGE_STANDARD = "gnu++20";
				CLANG_ENABLE_MODULES = YES;
				CLANG_ENABLE_OBJC_ARC = YES;
				CLANG_ENABLE_OBJC_WEAK = YES;
				CLANG_WARN_BLOCK_CAPTURE_AUTORELEASING = YES;
				CLANG_WARN_BOOL_CONVERSION = YES;
				CLANG_WARN_COMMA = YES;
				CLANG_WARN_CONSTANT_CONVERSION = YES;
				CLANG_WARN_DEPRECATED_OBJC_IMPLEMENTATIONS = YES;
				CLANG_WARN_DIRECT_OBJC_ISA_USAGE = YES_ERROR;
				CLANG_WARN_DOCUMENTATION_COMMENTS = YES;
				CLANG_WARN_EMPTY_BODY = YES;
				CLANG_WARN_ENUM_CONVERSION = YES;
				CLANG_WARN_INFINITE_RECURSION = YES;
				CLANG_WARN_INT_CONVERSION = YES;
				CLANG_WARN_NON_LITERAL_NULL_CONVERSION = YES;
				CLANG_WARN_OBJC_IMPLICIT_RETAIN_SELF = YES;
				CLANG_WARN_OBJC_LITERAL_CONVERSION = YES;
				CLANG_WARN_OBJC_ROOT_CLASS = YES_ERROR;
				CLANG_WARN_QUOTED_INCLUDE_IN_FRAMEWORK_HEADER = YES;
				CLANG_WARN_RANGE_LOOP_ANALYSIS = YES;
				CLANG_WARN_STRICT_PROTOTYPES = YES;
				CLANG_WARN_SUSPICIOUS_MOVE = YES;
				CLANG_WARN_UNGUARDED_AVAILABILITY = YES_AGGRESSIVE;
				CLANG_WARN_UNREACHABLE_CODE = YES;
				CLANG_WARN__DUPLICATE_METHOD_MATCH = YES;
				COPY_PHASE_STRIP = NO;
				DEBUG_INFORMATION_FORMAT = dwarf;
				ENABLE_STRICT_OBJC_MSGSEND = YES;
				ENABLE_TESTABILITY = YES;
				ENABLE_USER_SCRIPT_SANDBOXING = YES;
				GCC_C_LANGUAGE_STANDARD = gnu17;
				GCC_DYNAMIC_NO_PIC = NO;
				GCC_NO_COMMON_BLOCKS = YES;
				GCC_OPTIMIZATION_LEVEL = 0;
				GCC_PREPROCESSOR_DEFINITIONS = (
					"DEBUG=1",
					"$(inherited)",
				);
				GCC_WARN_64_TO_32_BIT_CONVERSION = YES;
				GCC_WARN_ABOUT_RETURN_TYPE = YES_ERROR;
				GCC_WARN_UNDECLARED_SELECTOR = YES;
				GCC_WARN_UNINITIALIZED_AUTOS = YES_AGGRESSIVE;
				GCC_WARN_UNUSED_FUNCTION = YES;
				GCC_WARN_UNUSED_VARIABLE = YES;
				IPHONEOS_DEPLOYMENT_TARGET = 17.4;
				LOCALIZATION_PREFERS_STRING_CATALOGS = YES;
				MTL_ENABLE_DEBUG_INFO = INCLUDE_SOURCE;
				MTL_FAST_MATH = YES;
				ONLY_ACTIVE_ARCH = YES;
				SDKROOT = iphoneos;
				SWIFT_ACTIVE_COMPILATION_CONDITIONS = "DEBUG $(inherited)";
				SWIFT_OPTIMIZATION_LEVEL = "-Onone";
			};
			name = Debug;
		};
		F87C3EE92C20478D00196CAA /* Release */ = {
			isa = XCBuildConfiguration;
			buildSettings = {
				ALWAYS_SEARCH_USER_PATHS = NO;
				ASSETCATALOG_COMPILER_GENERATE_SWIFT_ASSET_SYMBOL_EXTENSIONS = YES;
				CLANG_ANALYZER_NONNULL = YES;
				CLANG_ANALYZER_NUMBER_OBJECT_CONVERSION = YES_AGGRESSIVE;
				CLANG_CXX_LANGUAGE_STANDARD = "gnu++20";
				CLANG_ENABLE_MODULES = YES;
				CLANG_ENABLE_OBJC_ARC = YES;
				CLANG_ENABLE_OBJC_WEAK = YES;
				CLANG_WARN_BLOCK_CAPTURE_AUTORELEASING = YES;
				CLANG_WARN_BOOL_CONVERSION = YES;
				CLANG_WARN_COMMA = YES;
				CLANG_WARN_CONSTANT_CONVERSION = YES;
				CLANG_WARN_DEPRECATED_OBJC_IMPLEMENTATIONS = YES;
				CLANG_WARN_DIRECT_OBJC_ISA_USAGE = YES_ERROR;
				CLANG_WARN_DOCUMENTATION_COMMENTS = YES;
				CLANG_WARN_EMPTY_BODY = YES;
				CLANG_WARN_ENUM_CONVERSION = YES;
				CLANG_WARN_INFINITE_RECURSION = YES;
				CLANG_WARN_INT_CONVERSION = YES;
				CLANG_WARN_NON_LITERAL_NULL_CONVERSION = YES;
				CLANG_WARN_OBJC_IMPLICIT_RETAIN_SELF = YES;
				CLANG_WARN_OBJC_LITERAL_CONVERSION = YES;
				CLANG_WARN_OBJC_ROOT_CLASS = YES_ERROR;
				CLANG_WARN_QUOTED_INCLUDE_IN_FRAMEWORK_HEADER = YES;
				CLANG_WARN_RANGE_LOOP_ANALYSIS = YES;
				CLANG_WARN_STRICT_PROTOTYPES = YES;
				CLANG_WARN_SUSPICIOUS_MOVE = YES;
				CLANG_WARN_UNGUARDED_AVAILABILITY = YES_AGGRESSIVE;
				CLANG_WARN_UNREACHABLE_CODE = YES;
				CLANG_WARN__DUPLICATE_METHOD_MATCH = YES;
				COPY_PHASE_STRIP = NO;
				DEBUG_INFORMATION_FORMAT = "dwarf-with-dsym";
				ENABLE_NS_ASSERTIONS = NO;
				ENABLE_STRICT_OBJC_MSGSEND = YES;
				ENABLE_USER_SCRIPT_SANDBOXING = YES;
				GCC_C_LANGUAGE_STANDARD = gnu17;
				GCC_NO_COMMON_BLOCKS = YES;
				GCC_WARN_64_TO_32_BIT_CONVERSION = YES;
				GCC_WARN_ABOUT_RETURN_TYPE = YES_ERROR;
				GCC_WARN_UNDECLARED_SELECTOR = YES;
				GCC_WARN_UNINITIALIZED_AUTOS = YES_AGGRESSIVE;
				GCC_WARN_UNUSED_FUNCTION = YES;
				GCC_WARN_UNUSED_VARIABLE = YES;
				IPHONEOS_DEPLOYMENT_TARGET = 17.4;
				LOCALIZATION_PREFERS_STRING_CATALOGS = YES;
				MTL_ENABLE_DEBUG_INFO = NO;
				MTL_FAST_MATH = YES;
				SDKROOT = iphoneos;
				SWIFT_COMPILATION_MODE = wholemodule;
				VALIDATE_PRODUCT = YES;
			};
			name = Release;
		};
		F87C3EEB2C20478D00196CAA /* Debug */ = {
			isa = XCBuildConfiguration;
			buildSettings = {
				ASSETCATALOG_COMPILER_APPICON_NAME = AppIcon;
				ASSETCATALOG_COMPILER_GLOBAL_ACCENT_COLOR_NAME = AccentColor;
				CODE_SIGN_STYLE = Automatic;
				CURRENT_PROJECT_VERSION = 1;
				DEVELOPMENT_ASSET_PATHS = "\"memory-lane/Preview Content\"";
				DEVELOPMENT_TEAM = F96K8QGHZR;
				ENABLE_PREVIEWS = YES;
				GENERATE_INFOPLIST_FILE = YES;
				INFOPLIST_FILE = "memory-lane/Info.plist";
				INFOPLIST_KEY_UIApplicationSceneManifest_Generation = YES;
				INFOPLIST_KEY_UIApplicationSupportsIndirectInputEvents = YES;
				INFOPLIST_KEY_UILaunchScreen_Generation = YES;
				INFOPLIST_KEY_UISupportedInterfaceOrientations_iPad = "UIInterfaceOrientationPortrait UIInterfaceOrientationPortraitUpsideDown UIInterfaceOrientationLandscapeLeft UIInterfaceOrientationLandscapeRight";
				INFOPLIST_KEY_UISupportedInterfaceOrientations_iPhone = "UIInterfaceOrientationPortrait UIInterfaceOrientationLandscapeLeft UIInterfaceOrientationLandscapeRight";
				LD_RUNPATH_SEARCH_PATHS = (
					"$(inherited)",
					"@executable_path/Frameworks",
				);
				MARKETING_VERSION = 1.0;
				PRODUCT_BUNDLE_IDENTIFIER = "com.example.memory-lane";
				PRODUCT_NAME = "$(TARGET_NAME)";
				SWIFT_EMIT_LOC_STRINGS = YES;
				SWIFT_VERSION = 5.0;
				TARGETED_DEVICE_FAMILY = "1,2";
			};
			name = Debug;
		};
		F87C3EEC2C20478D00196CAA /* Release */ = {
			isa = XCBuildConfiguration;
			buildSettings = {
				ASSETCATALOG_COMPILER_APPICON_NAME = AppIcon;
				ASSETCATALOG_COMPILER_GLOBAL_ACCENT_COLOR_NAME = AccentColor;
				CODE_SIGN_STYLE = Automatic;
				CURRENT_PROJECT_VERSION = 1;
				DEVELOPMENT_ASSET_PATHS = "\"memory-lane/Preview Content\"";
				DEVELOPMENT_TEAM = F96K8QGHZR;
				ENABLE_PREVIEWS = YES;
				GENERATE_INFOPLIST_FILE = YES;
				INFOPLIST_FILE = "memory-lane/Info.plist";
				INFOPLIST_KEY_UIApplicationSceneManifest_Generation = YES;
				INFOPLIST_KEY_UIApplicationSupportsIndirectInputEvents = YES;
				INFOPLIST_KEY_UILaunchScreen_Generation = YES;
				INFOPLIST_KEY_UISupportedInterfaceOrientations_iPad = "UIInterfaceOrientationPortrait UIInterfaceOrientationPortraitUpsideDown UIInterfaceOrientationLandscapeLeft UIInterfaceOrientationLandscapeRight";
				INFOPLIST_KEY_UISupportedInterfaceOrientations_iPhone = "UIInterfaceOrientationPortrait UIInterfaceOrientationLandscapeLeft UIInterfaceOrientationLandscapeRight";
				LD_RUNPATH_SEARCH_PATHS = (
					"$(inherited)",
					"@executable_path/Frameworks",
				);
				MARKETING_VERSION = 1.0;
				PRODUCT_BUNDLE_IDENTIFIER = "com.example.memory-lane";
				PRODUCT_NAME = "$(TARGET_NAME)";
				SWIFT_EMIT_LOC_STRINGS = YES;
				SWIFT_VERSION = 5.0;
				TARGETED_DEVICE_FAMILY = "1,2";
			};
			name = Release;
		};
/* End XCBuildConfiguration section */

/* Begin XCConfigurationList section */
		F87C3ED72C20478C00196CAA /* Build configuration list for PBXProject "memory-lane" */ = {
			isa = XCConfigurationList;
			buildConfigurations = (
				F87C3EE82C20478D00196CAA /* Debug */,
				F87C3EE92C20478D00196CAA /* Release */,
			);
			defaultConfigurationIsVisible = 0;
			defaultConfigurationName = Release;
		};
		F87C3EEA2C20478D00196CAA /* Build configuration list for PBXNativeTarget "memory-lane" */ = {
			isa = XCConfigurationList;
			buildConfigurations = (
				F87C3EEB2C20478D00196CAA /* Debug */,
				F87C3EEC2C20478D00196CAA /* Release */,
			);
			defaultConfigurationIsVisible = 0;
			defaultConfigurationName = Release;
		};
/* End XCConfigurationList section */

/* Begin XCRemoteSwiftPackageReference section */
		F87C3EF42C2047EF00196CAA /* XCRemoteSwiftPackageReference "supabase-swift" */ = {
			isa = XCRemoteSwiftPackageReference;
			repositoryURL = "https://github.com/supabase/supabase-swift";
			requirement = {
				kind = upToNextMajorVersion;
				minimumVersion = 2.5.1;
			};
		};
/* End XCRemoteSwiftPackageReference section */

/* Begin XCSwiftPackageProductDependency section */
		F87C3EF52C2047EF00196CAA /* Auth */ = {
			isa = XCSwiftPackageProductDependency;
			package = F87C3EF42C2047EF00196CAA /* XCRemoteSwiftPackageReference "supabase-swift" */;
			productName = Auth;
		};
		F87C3EF72C2047EF00196CAA /* Functions */ = {
			isa = XCSwiftPackageProductDependency;
			package = F87C3EF42C2047EF00196CAA /* XCRemoteSwiftPackageReference "supabase-swift" */;
			productName = Functions;
		};
		F87C3EF92C2047EF00196CAA /* PostgREST */ = {
			isa = XCSwiftPackageProductDependency;
			package = F87C3EF42C2047EF00196CAA /* XCRemoteSwiftPackageReference "supabase-swift" */;
			productName = PostgREST;
		};
		F87C3EFB2C2047EF00196CAA /* Realtime */ = {
			isa = XCSwiftPackageProductDependency;
			package = F87C3EF42C2047EF00196CAA /* XCRemoteSwiftPackageReference "supabase-swift" */;
			productName = Realtime;
		};
		F87C3EFD2C2047EF00196CAA /* Storage */ = {
			isa = XCSwiftPackageProductDependency;
			package = F87C3EF42C2047EF00196CAA /* XCRemoteSwiftPackageReference "supabase-swift" */;
			productName = Storage;
		};
		F87C3EFF2C2047EF00196CAA /* Supabase */ = {
			isa = XCSwiftPackageProductDependency;
			package = F87C3EF42C2047EF00196CAA /* XCRemoteSwiftPackageReference "supabase-swift" */;
			productName = Supabase;
		};
/* End XCSwiftPackageProductDependency section */
	};
	rootObject = F87C3ED42C20478C00196CAA /* Project object */;
}
